
Microsoft Visual Studio Solution File, Format Version 12.00
# Visual Studio 14
VisualStudioVersion = 14.0.22512.0
MinimumVisualStudioVersion = 10.0.40219.1
Project("{FAE04EC0-301F-11D3-BF4B-00C04F79EFBC}") = "MyShuttle.Dashboard.Client", "MyShuttle.Dashboard.Client\MyShuttle.Dashboard.Client.csproj", "{374C20BC-805A-4FC8-87AB-4DA9648C79D8}"
EndProject
Project("{FAE04EC0-301F-11D3-BF4B-00C04F79EFBC}") = "MyShuttle.API", "MyShuttle.API\MyShuttle.API.csproj", "{42C143C0-26B5-4D97-9D6F-FBBD452EA85D}"
EndProject
Project("{FAE04EC0-301F-11D3-BF4B-00C04F79EFBC}") = "MyShuttle.API.Host", "MyShuttle.API.Host\MyShuttle.API.Host.csproj", "{F16C9899-9BA0-4A16-97EF-969AFF12D3D0}"
EndProject
Project("{FAE04EC0-301F-11D3-BF4B-00C04F79EFBC}") = "MyShuttle.API.Data", "MyShuttle.API.Data\MyShuttle.API.Data.csproj", "{8185B953-08C2-42AE-94DC-A925ADA40C55}"
EndProject
Project("{FAE04EC0-301F-11D3-BF4B-00C04F79EFBC}") = "MyShuttle.API.Model", "MyShuttle.API.Model\MyShuttle.API.Model.csproj", "{044A1252-0F39-41F4-9AA4-192D727179F8}"
EndProject
Project("{FAE04EC0-301F-11D3-BF4B-00C04F79EFBC}") = "MyShuttle.API.DocumentDb.Console", "MyShuttle.API.DocumentDb.Console\MyShuttle.API.DocumentDb.Console.csproj", "{256FF9C0-A1A6-4F99-8943-D9211EAF799B}"
EndProject
Project("{FAE04EC0-301F-11D3-BF4B-00C04F79EFBC}") = "MyShuttle.API.Data.DocumentDb", "MyShuttle.API.Data.DocumentDb\MyShuttle.API.Data.DocumentDb.csproj", "{404D6099-6E17-4339-8B6B-A40CBD9EB425}"
EndProject
Global
	GlobalSection(SolutionConfigurationPlatforms) = preSolution
		Debug|Any CPU = Debug|Any CPU
		Debug|ARM = Debug|ARM
		Debug|x64 = Debug|x64
		Debug|x86 = Debug|x86
		Release|Any CPU = Release|Any CPU
		Release|ARM = Release|ARM
		Release|x64 = Release|x64
		Release|x86 = Release|x86
	EndGlobalSection
	GlobalSection(ProjectConfigurationPlatforms) = postSolution
		{374C20BC-805A-4FC8-87AB-4DA9648C79D8}.Debug|Any CPU.ActiveCfg = Debug|Any CPU
		{374C20BC-805A-4FC8-87AB-4DA9648C79D8}.Debug|Any CPU.Build.0 = Debug|Any CPU
		{374C20BC-805A-4FC8-87AB-4DA9648C79D8}.Debug|Any CPU.Deploy.0 = Debug|Any CPU
		{374C20BC-805A-4FC8-87AB-4DA9648C79D8}.Debug|ARM.ActiveCfg = Debug|ARM
		{374C20BC-805A-4FC8-87AB-4DA9648C79D8}.Debug|ARM.Build.0 = Debug|ARM
		{374C20BC-805A-4FC8-87AB-4DA9648C79D8}.Debug|ARM.Deploy.0 = Debug|ARM
		{374C20BC-805A-4FC8-87AB-4DA9648C79D8}.Debug|x64.ActiveCfg = Debug|x64
		{374C20BC-805A-4FC8-87AB-4DA9648C79D8}.Debug|x64.Build.0 = Debug|x64
		{374C20BC-805A-4FC8-87AB-4DA9648C79D8}.Debug|x64.Deploy.0 = Debug|x64
		{374C20BC-805A-4FC8-87AB-4DA9648C79D8}.Debug|x86.ActiveCfg = Debug|x86
		{374C20BC-805A-4FC8-87AB-4DA9648C79D8}.Debug|x86.Build.0 = Debug|x86
		{374C20BC-805A-4FC8-87AB-4DA9648C79D8}.Debug|x86.Deploy.0 = Debug|x86
		{374C20BC-805A-4FC8-87AB-4DA9648C79D8}.Release|Any CPU.ActiveCfg = Release|Any CPU
		{374C20BC-805A-4FC8-87AB-4DA9648C79D8}.Release|Any CPU.Build.0 = Release|Any CPU
		{374C20BC-805A-4FC8-87AB-4DA9648C79D8}.Release|Any CPU.Deploy.0 = Release|Any CPU
		{374C20BC-805A-4FC8-87AB-4DA9648C79D8}.Release|ARM.ActiveCfg = Release|ARM
		{374C20BC-805A-4FC8-87AB-4DA9648C79D8}.Release|ARM.Build.0 = Release|ARM
		{374C20BC-805A-4FC8-87AB-4DA9648C79D8}.Release|ARM.Deploy.0 = Release|ARM
		{374C20BC-805A-4FC8-87AB-4DA9648C79D8}.Release|x64.ActiveCfg = Release|x64
		{374C20BC-805A-4FC8-87AB-4DA9648C79D8}.Release|x64.Build.0 = Release|x64
		{374C20BC-805A-4FC8-87AB-4DA9648C79D8}.Release|x64.Deploy.0 = Release|x64
		{374C20BC-805A-4FC8-87AB-4DA9648C79D8}.Release|x86.ActiveCfg = Release|x86
		{374C20BC-805A-4FC8-87AB-4DA9648C79D8}.Release|x86.Build.0 = Release|x86
		{374C20BC-805A-4FC8-87AB-4DA9648C79D8}.Release|x86.Deploy.0 = Release|x86
		{42C143C0-26B5-4D97-9D6F-FBBD452EA85D}.Debug|Any CPU.ActiveCfg = Debug|Any CPU
		{42C143C0-26B5-4D97-9D6F-FBBD452EA85D}.Debug|Any CPU.Build.0 = Debug|Any CPU
		{42C143C0-26B5-4D97-9D6F-FBBD452EA85D}.Debug|ARM.ActiveCfg = Debug|Any CPU
		{42C143C0-26B5-4D97-9D6F-FBBD452EA85D}.Debug|ARM.Build.0 = Debug|Any CPU
		{42C143C0-26B5-4D97-9D6F-FBBD452EA85D}.Debug|x64.ActiveCfg = Debug|Any CPU
		{42C143C0-26B5-4D97-9D6F-FBBD452EA85D}.Debug|x64.Build.0 = Debug|Any CPU
		{42C143C0-26B5-4D97-9D6F-FBBD452EA85D}.Debug|x86.ActiveCfg = Debug|Any CPU
		{42C143C0-26B5-4D97-9D6F-FBBD452EA85D}.Debug|x86.Build.0 = Debug|Any CPU
		{42C143C0-26B5-4D97-9D6F-FBBD452EA85D}.Release|Any CPU.ActiveCfg = Release|Any CPU
		{42C143C0-26B5-4D97-9D6F-FBBD452EA85D}.Release|Any CPU.Build.0 = Release|Any CPU
		{42C143C0-26B5-4D97-9D6F-FBBD452EA85D}.Release|ARM.ActiveCfg = Release|Any CPU
		{42C143C0-26B5-4D97-9D6F-FBBD452EA85D}.Release|ARM.Build.0 = Release|Any CPU
		{42C143C0-26B5-4D97-9D6F-FBBD452EA85D}.Release|x64.ActiveCfg = Release|Any CPU
		{42C143C0-26B5-4D97-9D6F-FBBD452EA85D}.Release|x64.Build.0 = Release|Any CPU
		{42C143C0-26B5-4D97-9D6F-FBBD452EA85D}.Release|x86.ActiveCfg = Release|Any CPU
		{42C143C0-26B5-4D97-9D6F-FBBD452EA85D}.Release|x86.Build.0 = Release|Any CPU
		{F16C9899-9BA0-4A16-97EF-969AFF12D3D0}.Debug|Any CPU.ActiveCfg = Debug|Any CPU
		{F16C9899-9BA0-4A16-97EF-969AFF12D3D0}.Debug|Any CPU.Build.0 = Debug|Any CPU
		{F16C9899-9BA0-4A16-97EF-969AFF12D3D0}.Debug|ARM.ActiveCfg = Debug|Any CPU
		{F16C9899-9BA0-4A16-97EF-969AFF12D3D0}.Debug|ARM.Build.0 = Debug|Any CPU
		{F16C9899-9BA0-4A16-97EF-969AFF12D3D0}.Debug|x64.ActiveCfg = Debug|Any CPU
		{F16C9899-9BA0-4A16-97EF-969AFF12D3D0}.Debug|x64.Build.0 = Debug|Any CPU
		{F16C9899-9BA0-4A16-97EF-969AFF12D3D0}.Debug|x86.ActiveCfg = Debug|Any CPU
		{F16C9899-9BA0-4A16-97EF-969AFF12D3D0}.Debug|x86.Build.0 = Debug|Any CPU
		{F16C9899-9BA0-4A16-97EF-969AFF12D3D0}.Release|Any CPU.ActiveCfg = Release|Any CPU
		{F16C9899-9BA0-4A16-97EF-969AFF12D3D0}.Release|Any CPU.Build.0 = Release|Any CPU
		{F16C9899-9BA0-4A16-97EF-969AFF12D3D0}.Release|ARM.ActiveCfg = Release|Any CPU
		{F16C9899-9BA0-4A16-97EF-969AFF12D3D0}.Release|ARM.Build.0 = Release|Any CPU
		{F16C9899-9BA0-4A16-97EF-969AFF12D3D0}.Release|x64.ActiveCfg = Release|Any CPU
		{F16C9899-9BA0-4A16-97EF-969AFF12D3D0}.Release|x64.Build.0 = Release|Any CPU
		{F16C9899-9BA0-4A16-97EF-969AFF12D3D0}.Release|x86.ActiveCfg = Release|Any CPU
		{F16C9899-9BA0-4A16-97EF-969AFF12D3D0}.Release|x86.Build.0 = Release|Any CPU
		{8185B953-08C2-42AE-94DC-A925ADA40C55}.Debug|Any CPU.ActiveCfg = Debug|Any CPU
		{8185B953-08C2-42AE-94DC-A925ADA40C55}.Debug|Any CPU.Build.0 = Debug|Any CPU
		{8185B953-08C2-42AE-94DC-A925ADA40C55}.Debug|ARM.ActiveCfg = Debug|Any CPU
		{8185B953-08C2-42AE-94DC-A925ADA40C55}.Debug|x64.ActiveCfg = Debug|Any CPU
		{8185B953-08C2-42AE-94DC-A925ADA40C55}.Debug|x86.ActiveCfg = Debug|Any CPU
		{8185B953-08C2-42AE-94DC-A925ADA40C55}.Release|Any CPU.ActiveCfg = Release|Any CPU
		{8185B953-08C2-42AE-94DC-A925ADA40C55}.Release|Any CPU.Build.0 = Release|Any CPU
		{8185B953-08C2-42AE-94DC-A925ADA40C55}.Release|ARM.ActiveCfg = Release|Any CPU
		{8185B953-08C2-42AE-94DC-A925ADA40C55}.Release|x64.ActiveCfg = Release|Any CPU
		{8185B953-08C2-42AE-94DC-A925ADA40C55}.Release|x86.ActiveCfg = Release|Any CPU
		{044A1252-0F39-41F4-9AA4-192D727179F8}.Debug|Any CPU.ActiveCfg = Debug|Any CPU
		{044A1252-0F39-41F4-9AA4-192D727179F8}.Debug|Any CPU.Build.0 = Debug|Any CPU
		{044A1252-0F39-41F4-9AA4-192D727179F8}.Debug|ARM.ActiveCfg = Debug|Any CPU
		{044A1252-0F39-41F4-9AA4-192D727179F8}.Debug|ARM.Build.0 = Debug|Any CPU
		{044A1252-0F39-41F4-9AA4-192D727179F8}.Debug|x64.ActiveCfg = Debug|Any CPU
		{044A1252-0F39-41F4-9AA4-192D727179F8}.Debug|x64.Build.0 = Debug|Any CPU
		{044A1252-0F39-41F4-9AA4-192D727179F8}.Debug|x86.ActiveCfg = Debug|Any CPU
		{044A1252-0F39-41F4-9AA4-192D727179F8}.Debug|x86.Build.0 = Debug|Any CPU
		{044A1252-0F39-41F4-9AA4-192D727179F8}.Release|Any CPU.ActiveCfg = Release|Any CPU
		{044A1252-0F39-41F4-9AA4-192D727179F8}.Release|Any CPU.Build.0 = Release|Any CPU
		{044A1252-0F39-41F4-9AA4-192D727179F8}.Release|ARM.ActiveCfg = Release|Any CPU
		{044A1252-0F39-41F4-9AA4-192D727179F8}.Release|ARM.Build.0 = Release|Any CPU
		{044A1252-0F39-41F4-9AA4-192D727179F8}.Release|x64.ActiveCfg = Release|Any CPU
		{044A1252-0F39-41F4-9AA4-192D727179F8}.Release|x64.Build.0 = Release|Any CPU
		{044A1252-0F39-41F4-9AA4-192D727179F8}.Release|x86.ActiveCfg = Release|Any CPU
		{044A1252-0F39-41F4-9AA4-192D727179F8}.Release|x86.Build.0 = Release|Any CPU
		{256FF9C0-A1A6-4F99-8943-D9211EAF799B}.Debug|Any CPU.ActiveCfg = Debug|Any CPU
		{256FF9C0-A1A6-4F99-8943-D9211EAF799B}.Debug|Any CPU.Build.0 = Debug|Any CPU
		{256FF9C0-A1A6-4F99-8943-D9211EAF799B}.Debug|ARM.ActiveCfg = Debug|Any CPU
		{256FF9C0-A1A6-4F99-8943-D9211EAF799B}.Debug|ARM.Build.0 = Debug|Any CPU
		{256FF9C0-A1A6-4F99-8943-D9211EAF799B}.Debug|x64.ActiveCfg = Debug|Any CPU
		{256FF9C0-A1A6-4F99-8943-D9211EAF799B}.Debug|x64.Build.0 = Debug|Any CPU
		{256FF9C0-A1A6-4F99-8943-D9211EAF799B}.Debug|x86.ActiveCfg = Debug|Any CPU
		{256FF9C0-A1A6-4F99-8943-D9211EAF799B}.Debug|x86.Build.0 = Debug|Any CPU
		{256FF9C0-A1A6-4F99-8943-D9211EAF799B}.Release|Any CPU.ActiveCfg = Release|Any CPU
		{256FF9C0-A1A6-4F99-8943-D9211EAF799B}.Release|Any CPU.Build.0 = Release|Any CPU
		{256FF9C0-A1A6-4F99-8943-D9211EAF799B}.Release|ARM.ActiveCfg = Release|Any CPU
		{256FF9C0-A1A6-4F99-8943-D9211EAF799B}.Release|ARM.Build.0 = Release|Any CPU
		{256FF9C0-A1A6-4F99-8943-D9211EAF799B}.Release|x64.ActiveCfg = Release|Any CPU
		{256FF9C0-A1A6-4F99-8943-D9211EAF799B}.Release|x64.Build.0 = Release|Any CPU
		{256FF9C0-A1A6-4F99-8943-D9211EAF799B}.Release|x86.ActiveCfg = Release|Any CPU
		{256FF9C0-A1A6-4F99-8943-D9211EAF799B}.Release|x86.Build.0 = Release|Any CPU
		{404D6099-6E17-4339-8B6B-A40CBD9EB425}.Debug|Any CPU.ActiveCfg = Debug|Any CPU
		{404D6099-6E17-4339-8B6B-A40CBD9EB425}.Debug|Any CPU.Build.0 = Debug|Any CPU
		{404D6099-6E17-4339-8B6B-A40CBD9EB425}.Debug|ARM.ActiveCfg = Debug|Any CPU
		{404D6099-6E17-4339-8B6B-A40CBD9EB425}.Debug|ARM.Build.0 = Debug|Any CPU
		{404D6099-6E17-4339-8B6B-A40CBD9EB425}.Debug|x64.ActiveCfg = Debug|Any CPU
		{404D6099-6E17-4339-8B6B-A40CBD9EB425}.Debug|x64.Build.0 = Debug|Any CPU
		{404D6099-6E17-4339-8B6B-A40CBD9EB425}.Debug|x86.ActiveCfg = Debug|Any CPU
		{404D6099-6E17-4339-8B6B-A40CBD9EB425}.Debug|x86.Build.0 = Debug|Any CPU
		{404D6099-6E17-4339-8B6B-A40CBD9EB425}.Release|Any CPU.ActiveCfg = Release|Any CPU
		{404D6099-6E17-4339-8B6B-A40CBD9EB425}.Release|Any CPU.Build.0 = Release|Any CPU
		{404D6099-6E17-4339-8B6B-A40CBD9EB425}.Release|ARM.ActiveCfg = Release|Any CPU
		{404D6099-6E17-4339-8B6B-A40CBD9EB425}.Release|ARM.Build.0 = Release|Any CPU
		{404D6099-6E17-4339-8B6B-A40CBD9EB425}.Release|x64.ActiveCfg = Release|Any CPU
		{404D6099-6E17-4339-8B6B-A40CBD9EB425}.Release|x64.Build.0 = Release|Any CPU
		{404D6099-6E17-4339-8B6B-A40CBD9EB425}.Release|x86.ActiveCfg = Release|Any CPU
		{404D6099-6E17-4339-8B6B-A40CBD9EB425}.Release|x86.Build.0 = Release|Any CPU
	EndGlobalSection
	GlobalSection(SolutionProperties) = preSolution
		HideSolutionNode = FALSE
	EndGlobalSection
EndGlobal
